
Microsoft Visual Studio Solution File, Format Version 11.00
# Visual Studio 2010
Project("{FAE04EC0-301F-11D3-BF4B-00C04F79EFBC}") = "Assembly-CSharp", "Assembly-CSharp.csproj", "{9755AC03-C515-D767-E496-BD6B05BB875B}"
EndProject
Project("{FAE04EC0-301F-11D3-BF4B-00C04F79EFBC}") = "SteamVR", "SteamVR.csproj", "{D6DD95E4-BFA1-BF0C-3B5D-BD7C23BA4C50}"
EndProject
Project("{FAE04EC0-301F-11D3-BF4B-00C04F79EFBC}") = "SteamVR_Actions", "SteamVR_Actions.csproj", "{F9886851-91D8-5406-3CCB-DF510F68251E}"
EndProject
Project("{FAE04EC0-301F-11D3-BF4B-00C04F79EFBC}") = "SteamVR_Editor", "SteamVR_Editor.csproj", "{F2AFB549-3CA7-C2FA-7020-88DE884FCA23}"
EndProject
Project("{FAE04EC0-301F-11D3-BF4B-00C04F79EFBC}") = "SteamVR_Input_Editor", "SteamVR_Input_Editor.csproj", "{97006A17-E4C3-5D2E-388C-C1EF36576A22}"
EndProject
Project("{FAE04EC0-301F-11D3-BF4B-00C04F79EFBC}") = "SteamVR_Windows_EditorHelper", "SteamVR_Windows_EditorHelper.csproj", "{8C92C20E-33DD-AA89-CBD4-4649F8F14188}"
EndProject
Global
	GlobalSection(SolutionConfigurationPlatforms) = preSolution
		Debug|Any CPU = Debug|Any CPU
		Release|Any CPU = Release|Any CPU
	EndGlobalSection
	GlobalSection(ProjectConfigurationPlatforms) = postSolution
		{9755AC03-C515-D767-E496-BD6B05BB875B}.Debug|Any CPU.ActiveCfg = Debug|Any CPU
		{9755AC03-C515-D767-E496-BD6B05BB875B}.Debug|Any CPU.Build.0 = Debug|Any CPU
		{9755AC03-C515-D767-E496-BD6B05BB875B}.Release|Any CPU.ActiveCfg = Release|Any CPU
		{9755AC03-C515-D767-E496-BD6B05BB875B}.Release|Any CPU.Build.0 = Release|Any CPU
		{D6DD95E4-BFA1-BF0C-3B5D-BD7C23BA4C50}.Debug|Any CPU.ActiveCfg = Debug|Any CPU
		{D6DD95E4-BFA1-BF0C-3B5D-BD7C23BA4C50}.Debug|Any CPU.Build.0 = Debug|Any CPU
		{D6DD95E4-BFA1-BF0C-3B5D-BD7C23BA4C50}.Release|Any CPU.ActiveCfg = Release|Any CPU
		{D6DD95E4-BFA1-BF0C-3B5D-BD7C23BA4C50}.Release|Any CPU.Build.0 = Release|Any CPU
		{F9886851-91D8-5406-3CCB-DF510F68251E}.Debug|Any CPU.ActiveCfg = Debug|Any CPU
		{F9886851-91D8-5406-3CCB-DF510F68251E}.Debug|Any CPU.Build.0 = Debug|Any CPU
		{F9886851-91D8-5406-3CCB-DF510F68251E}.Release|Any CPU.ActiveCfg = Release|Any CPU
		{F9886851-91D8-5406-3CCB-DF510F68251E}.Release|Any CPU.Build.0 = Release|Any CPU
		{F2AFB549-3CA7-C2FA-7020-88DE884FCA23}.Debug|Any CPU.ActiveCfg = Debug|Any CPU
		{F2AFB549-3CA7-C2FA-7020-88DE884FCA23}.Debug|Any CPU.Build.0 = Debug|Any CPU
		{F2AFB549-3CA7-C2FA-7020-88DE884FCA23}.Release|Any CPU.ActiveCfg = Release|Any CPU
		{F2AFB549-3CA7-C2FA-7020-88DE884FCA23}.Release|Any CPU.Build.0 = Release|Any CPU
		{97006A17-E4C3-5D2E-388C-C1EF36576A22}.Debug|Any CPU.ActiveCfg = Debug|Any CPU
		{97006A17-E4C3-5D2E-388C-C1EF36576A22}.Debug|Any CPU.Build.0 = Debug|Any CPU
		{97006A17-E4C3-5D2E-388C-C1EF36576A22}.Release|Any CPU.ActiveCfg = Release|Any CPU
		{97006A17-E4C3-5D2E-388C-C1EF36576A22}.Release|Any CPU.Build.0 = Release|Any CPU
		{8C92C20E-33DD-AA89-CBD4-4649F8F14188}.Debug|Any CPU.ActiveCfg = Debug|Any CPU
		{8C92C20E-33DD-AA89-CBD4-4649F8F14188}.Debug|Any CPU.Build.0 = Debug|Any CPU
		{8C92C20E-33DD-AA89-CBD4-4649F8F14188}.Release|Any CPU.ActiveCfg = Release|Any CPU
		{8C92C20E-33DD-AA89-CBD4-4649F8F14188}.Release|Any CPU.Build.0 = Release|Any CPU
	EndGlobalSection
	GlobalSection(SolutionProperties) = preSolution
		HideSolutionNode = FALSE
	EndGlobalSection
EndGlobal
